
Microsoft Visual Studio Solution File, Format Version 12.00
# Visual Studio Version 17
VisualStudioVersion = 17.4.33403.182
MinimumVisualStudioVersion = 10.0.40219.1
Project("{FAE04EC0-301F-11D3-BF4B-00C04F79EFBC}") = "PizzaPrice.Tests", "PizzaPrice.Tests\PizzaPrice.Tests.csproj", "{A2076447-336F-4B34-BDB7-F3C73DA56755}"
EndProject
Project("{FAE04EC0-301F-11D3-BF4B-00C04F79EFBC}") = "PizzaPrice", "PizzaPrice\PizzaPrice.csproj", "{AE7CB21F-C014-4F09-AD25-CC367B981887}"
EndProject
Global
	GlobalSection(SolutionConfigurationPlatforms) = preSolution
		Debug|Any CPU = Debug|Any CPU
		Release|Any CPU = Release|Any CPU
	EndGlobalSection
	GlobalSection(ProjectConfigurationPlatforms) = postSolution
		{A2076447-336F-4B34-BDB7-F3C73DA56755}.Debug|Any CPU.ActiveCfg = Debug|Any CPU
		{A2076447-336F-4B34-BDB7-F3C73DA56755}.Debug|Any CPU.Build.0 = Debug|Any CPU
		{A2076447-336F-4B34-BDB7-F3C73DA56755}.Release|Any CPU.ActiveCfg = Release|Any CPU
		{A2076447-336F-4B34-BDB7-F3C73DA56755}.Release|Any CPU.Build.0 = Release|Any CPU
		{AE7CB21F-C014-4F09-AD25-CC367B981887}.Debug|Any CPU.ActiveCfg = Debug|Any CPU
		{AE7CB21F-C014-4F09-AD25-CC367B981887}.Debug|Any CPU.Build.0 = Debug|Any CPU
		{AE7CB21F-C014-4F09-AD25-CC367B981887}.Release|Any CPU.ActiveCfg = Release|Any CPU
		{AE7CB21F-C014-4F09-AD25-CC367B981887}.Release|Any CPU.Build.0 = Release|Any CPU
	EndGlobalSection
	GlobalSection(SolutionProperties) = preSolution
		HideSolutionNode = FALSE
	EndGlobalSection
	GlobalSection(ExtensibilityGlobals) = postSolution
		SolutionGuid = {5E688FB9-425C-4A5B-86E8-BCED4B232459}
	EndGlobalSection
EndGlobal
